
Microsoft Visual Studio Solution File, Format Version 12.00
# Visual Studio Version 16
VisualStudioVersion = 16.0.30204.135
MinimumVisualStudioVersion = 10.0.40219.1
Project("{FAE04EC0-301F-11D3-BF4B-00C04F79EFBC}") = "SDRAC", "SDRAC\SDRAC.csproj", "{58012F33-2851-41FE-963F-E86A6567E627}"
EndProject
Project("{54435603-DBB4-11D2-8724-00A0C9A8B90C}") = "SetupSDRAC", "SetupSDRAC\SetupSDRAC.vdproj", "{761B92D0-7793-4886-B96A-FF2263C31362}"
EndProject
Global
	GlobalSection(SolutionConfigurationPlatforms) = preSolution
		Debug|Any CPU = Debug|Any CPU
		Release|Any CPU = Release|Any CPU
	EndGlobalSection
	GlobalSection(ProjectConfigurationPlatforms) = postSolution
		{58012F33-2851-41FE-963F-E86A6567E627}.Debug|Any CPU.ActiveCfg = Debug|Any CPU
		{58012F33-2851-41FE-963F-E86A6567E627}.Debug|Any CPU.Build.0 = Debug|Any CPU
		{58012F33-2851-41FE-963F-E86A6567E627}.Release|Any CPU.ActiveCfg = Release|Any CPU
		{58012F33-2851-41FE-963F-E86A6567E627}.Release|Any CPU.Build.0 = Release|Any CPU
		{761B92D0-7793-4886-B96A-FF2263C31362}.Debug|Any CPU.ActiveCfg = Debug
		{761B92D0-7793-4886-B96A-FF2263C31362}.Release|Any CPU.ActiveCfg = Release
	EndGlobalSection
	GlobalSection(SolutionProperties) = preSolution
		HideSolutionNode = FALSE
	EndGlobalSection
	GlobalSection(ExtensibilityGlobals) = postSolution
		SolutionGuid = {AD4CA148-BD47-420A-964F-5B323ABC0CEE}
	EndGlobalSection
EndGlobal
